# This file is autogenerated, do not edit; changes may be undone by the next 'dep ensure'.


[[projects]]
  branch = "master"
  name = "github.com/Azure/go-ansiterm"
  packages = [
    ".",
    "winterm"
  ]
  revision = "d6e3b3328b783f23731bc4d058875b0371ff8109"

[[projects]]
  name = "github.com/Sirupsen/logrus"
  packages = ["."]
  revision = "c155da19408a8799da419ed3eeb0cb5db0ad5dbc"
  version = "v1.0.5"

[[projects]]
  name = "github.com/davecgh/go-spew"
  packages = ["spew"]
  revision = "346938d642f2ec3594ed81d874461961cd0faa76"
  version = "v1.1.0"

[[projects]]
  name = "github.com/docker/docker"
  packages = [
    "pkg/term",
    "pkg/term/windows"
  ]
  revision = "092cba3727bb9b4a2f0e922cd6c0f93ea270e363"
  version = "v1.13.1"

[[projects]]
  name = "github.com/docker/machine"
  packages = [
    "libmachine/drivers",
    "libmachine/drivers/plugin",
    "libmachine/drivers/plugin/localbinary",
    "libmachine/drivers/rpc",
    "libmachine/log",
    "libmachine/mcnflag",
    "libmachine/mcnutils",
    "libmachine/ssh",
    "libmachine/state",
    "libmachine/version",
    "version"
  ]
  revision = "9ba6da9ebd1140b65eb73e1ce08086ca72764c60"
  version = "v0.13.0"

[[projects]]
  name = "github.com/magefile/mage"
  packages = [
    "mg",
    "sh",
    "types"
  ]
  revision = "ab3ca2f6f85577d7ec82e0a6df721147a2e737f9"
  version = "v2.0.1"

[[projects]]
  name = "github.com/pmezard/go-difflib"
  packages = ["difflib"]
  revision = "792786c7400a136282c1664665ae0a8db921c6c2"
  version = "v1.0.0"

[[projects]]
  name = "github.com/stretchr/testify"
  packages = ["assert"]
  revision = "12b6f73e6084dad08a7c6e575284b177ecafbc71"
  version = "v1.2.1"

[[projects]]
  branch = "master"
  name = "golang.org/x/crypto"
  packages = [
    "curve25519",
    "ed25519",
    "ed25519/internal/edwards25519",
    "internal/chacha20",
    "poly1305",
    "ssh",
    "ssh/terminal"
  ]
  revision = "c3a3ad6d03f7a915c0f7e194b7152974bb73d287"

[[projects]]
  branch = "master"
  name = "golang.org/x/sys"
  packages = [
    "unix",
    "windows"
  ]
  revision = "01acb38716e021ed1fc03a602bdb5838e1358c5e"

[solve-meta]
  analyzer-name = "dep"
  analyzer-version = 1
  inputs-digest = "8dddafbdd3a629a0a08deac87bcea32dc3ba990dd812c2df4e014e85f8328baa"
  solver-name = "gps-cdcl"
  solver-version = 1
